// !$*UTF8*$!
{
	archiveVersion = 1;
	classes = {
	};
	objectVersion = 55;
	objects = {

/* Begin PBXBuildFile section */
		4A76E1C5282040FD004A74A9 /* StatusLightView.swift in Sources */ = {isa = PBXBuildFile; fileRef = 4A76E1C4282040FD004A74A9 /* StatusLightView.swift */; };
		4A76E1C72820441A004A74A9 /* IceMachineStatus.swift in Sources */ = {isa = PBXBuildFile; fileRef = 4A76E1C62820441A004A74A9 /* IceMachineStatus.swift */; };
		4A76E1C9282095CB004A74A9 /* PieChart.swift in Sources */ = {isa = PBXBuildFile; fileRef = 4A76E1C8282095CA004A74A9 /* PieChart.swift */; };
		4A76E1CC28209672004A74A9 /* UtilizationChartView.swift in Sources */ = {isa = PBXBuildFile; fileRef = 4A76E1CB28209672004A74A9 /* UtilizationChartView.swift */; };
		4A76E1CE28215F68004A74A9 /* TestChart.swift in Sources */ = {isa = PBXBuildFile; fileRef = 4A76E1CD28215F68004A74A9 /* TestChart.swift */; };
		4A76E1DB28218E66004A74A9 /* Charts in Frameworks */ = {isa = PBXBuildFile; productRef = 4A76E1DA28218E66004A74A9 /* Charts */; };
		4A76E1DE2821E248004A74A9 /* ChooseGraphView.swift in Sources */ = {isa = PBXBuildFile; fileRef = 4A76E1DD2821E247004A74A9 /* ChooseGraphView.swift */; };
		4A76E1E02821E67E004A74A9 /* GanttView.swift in Sources */ = {isa = PBXBuildFile; fileRef = 4A76E1DF2821E67D004A74A9 /* GanttView.swift */; };
		4A76E1E22822D728004A74A9 /* DataTableView.swift in Sources */ = {isa = PBXBuildFile; fileRef = 4A76E1E12822D727004A74A9 /* DataTableView.swift */; };
		4A76E1E52822D763004A74A9 /* Tabler in Frameworks */ = {isa = PBXBuildFile; productRef = 4A76E1E42822D763004A74A9 /* Tabler */; };
		4A89C822281ADA930022FB97 /* BLEManager.swift in Sources */ = {isa = PBXBuildFile; fileRef = 4A89C821281ADA930022FB97 /* BLEManager.swift */; };
		4A89C829281C71E90022FB97 /* MultipleLineChart.swift in Sources */ = {isa = PBXBuildFile; fileRef = 4A89C828281C71E90022FB97 /* MultipleLineChart.swift */; };
		4A89C82B281C73D70022FB97 /* Assets.xcassets in Resources */ = {isa = PBXBuildFile; fileRef = 4A89C82A281C73D70022FB97 /* Assets.xcassets */; };
		4A89C82F281CAC050022FB97 /* StateChartView.swift in Sources */ = {isa = PBXBuildFile; fileRef = 4A89C82E281CAC050022FB97 /* StateChartView.swift */; };
		4A89C831281CAC6D0022FB97 /* ScanView.swift in Sources */ = {isa = PBXBuildFile; fileRef = 4A89C830281CAC6D0022FB97 /* ScanView.swift */; };
		4A89C833281CAC910022FB97 /* AmpChartView.swift in Sources */ = {isa = PBXBuildFile; fileRef = 4A89C832281CAC910022FB97 /* AmpChartView.swift */; };
		4A93ABDC2808AA1B00ACAB72 /* Follett_Ice_MachineApp.swift in Sources */ = {isa = PBXBuildFile; fileRef = 4A93ABDB2808AA1B00ACAB72 /* Follett_Ice_MachineApp.swift */; };
		4A93ABDE2808AA1B00ACAB72 /* ContentView.swift in Sources */ = {isa = PBXBuildFile; fileRef = 4A93ABDD2808AA1B00ACAB72 /* ContentView.swift */; };
		4A93ABE32808AA1D00ACAB72 /* Preview Assets.xcassets in Resources */ = {isa = PBXBuildFile; fileRef = 4A93ABE22808AA1D00ACAB72 /* Preview Assets.xcassets */; };
		4AEBEE9D2818C8F000E57E78 /* LineChart.swift in Sources */ = {isa = PBXBuildFile; fileRef = 4AEBEE9A2818C8F000E57E78 /* LineChart.swift */; };
		4AEBEE9F2818C8F000E57E78 /* DateValueFormatter.swift in Sources */ = {isa = PBXBuildFile; fileRef = 4AEBEE9C2818C8F000E57E78 /* DateValueFormatter.swift */; };
/* End PBXBuildFile section */

/* Begin PBXFileReference section */
		4A76E1C4282040FD004A74A9 /* StatusLightView.swift */ = {isa = PBXFileReference; lastKnownFileType = sourcecode.swift; path = StatusLightView.swift; sourceTree = "<group>"; };
		4A76E1C62820441A004A74A9 /* IceMachineStatus.swift */ = {isa = PBXFileReference; lastKnownFileType = sourcecode.swift; path = IceMachineStatus.swift; sourceTree = "<group>"; };
		4A76E1C8282095CA004A74A9 /* PieChart.swift */ = {isa = PBXFileReference; lastKnownFileType = sourcecode.swift; path = PieChart.swift; sourceTree = "<group>"; };
		4A76E1CB28209672004A74A9 /* UtilizationChartView.swift */ = {isa = PBXFileReference; lastKnownFileType = sourcecode.swift; path = UtilizationChartView.swift; sourceTree = "<group>"; };
		4A76E1CD28215F68004A74A9 /* TestChart.swift */ = {isa = PBXFileReference; lastKnownFileType = sourcecode.swift; path = TestChart.swift; sourceTree = "<group>"; };
		4A76E1DD2821E247004A74A9 /* ChooseGraphView.swift */ = {isa = PBXFileReference; lastKnownFileType = sourcecode.swift; path = ChooseGraphView.swift; sourceTree = "<group>"; };
		4A76E1DF2821E67D004A74A9 /* GanttView.swift */ = {isa = PBXFileReference; lastKnownFileType = sourcecode.swift; path = GanttView.swift; sourceTree = "<group>"; };
		4A76E1E12822D727004A74A9 /* DataTableView.swift */ = {isa = PBXFileReference; lastKnownFileType = sourcecode.swift; path = DataTableView.swift; sourceTree = "<group>"; };
		4A89C821281ADA930022FB97 /* BLEManager.swift */ = {isa = PBXFileReference; lastKnownFileType = sourcecode.swift; path = BLEManager.swift; sourceTree = "<group>"; };
		4A89C823281AF9BD0022FB97 /* Follett-Ice-Machine-Info.plist */ = {isa = PBXFileReference; lastKnownFileType = text.plist; path = "Follett-Ice-Machine-Info.plist"; sourceTree = SOURCE_ROOT; };
		4A89C828281C71E90022FB97 /* MultipleLineChart.swift */ = {isa = PBXFileReference; lastKnownFileType = sourcecode.swift; path = MultipleLineChart.swift; sourceTree = "<group>"; };
		4A89C82A281C73D70022FB97 /* Assets.xcassets */ = {isa = PBXFileReference; lastKnownFileType = folder.assetcatalog; name = Assets.xcassets; path = "../../../../../Downloads/AppIcons-2/Assets.xcassets"; sourceTree = "<group>"; };
		4A89C82E281CAC050022FB97 /* StateChartView.swift */ = {isa = PBXFileReference; lastKnownFileType = sourcecode.swift; path = StateChartView.swift; sourceTree = "<group>"; };
		4A89C830281CAC6D0022FB97 /* ScanView.swift */ = {isa = PBXFileReference; lastKnownFileType = sourcecode.swift; path = ScanView.swift; sourceTree = "<group>"; };
		4A89C832281CAC910022FB97 /* AmpChartView.swift */ = {isa = PBXFileReference; lastKnownFileType = sourcecode.swift; path = AmpChartView.swift; sourceTree = "<group>"; };
		4A93ABD82808AA1B00ACAB72 /* Follett Ice Machine.app */ = {isa = PBXFileReference; explicitFileType = wrapper.application; includeInIndex = 0; path = "Follett Ice Machine.app"; sourceTree = BUILT_PRODUCTS_DIR; };
		4A93ABDB2808AA1B00ACAB72 /* Follett_Ice_MachineApp.swift */ = {isa = PBXFileReference; lastKnownFileType = sourcecode.swift; path = Follett_Ice_MachineApp.swift; sourceTree = "<group>"; };
		4A93ABDD2808AA1B00ACAB72 /* ContentView.swift */ = {isa = PBXFileReference; lastKnownFileType = sourcecode.swift; path = ContentView.swift; sourceTree = "<group>"; };
		4A93ABE22808AA1D00ACAB72 /* Preview Assets.xcassets */ = {isa = PBXFileReference; lastKnownFileType = folder.assetcatalog; path = "Preview Assets.xcassets"; sourceTree = "<group>"; };
		4AEBEE9A2818C8F000E57E78 /* LineChart.swift */ = {isa = PBXFileReference; fileEncoding = 4; lastKnownFileType = sourcecode.swift; path = LineChart.swift; sourceTree = "<group>"; };
		4AEBEE9C2818C8F000E57E78 /* DateValueFormatter.swift */ = {isa = PBXFileReference; fileEncoding = 4; lastKnownFileType = sourcecode.swift; path = DateValueFormatter.swift; sourceTree = "<group>"; };
/* End PBXFileReference section */

/* Begin PBXFrameworksBuildPhase section */
		4A93ABD52808AA1B00ACAB72 /* Frameworks */ = {
			isa = PBXFrameworksBuildPhase;
			buildActionMask = 2147483647;
			files = (
				4A76E1E52822D763004A74A9 /* Tabler in Frameworks */,
				4A76E1DB28218E66004A74A9 /* Charts in Frameworks */,
			);
			runOnlyForDeploymentPostprocessing = 0;
		};
/* End PBXFrameworksBuildPhase section */

/* Begin PBXGroup section */
		4A76E1CA282095D9004A74A9 /* Model */ = {
			isa = PBXGroup;
			children = (
				4A89C828281C71E90022FB97 /* MultipleLineChart.swift */,
				4AEBEE9A2818C8F000E57E78 /* LineChart.swift */,
				4A76E1CD28215F68004A74A9 /* TestChart.swift */,
				4A76E1C8282095CA004A74A9 /* PieChart.swift */,
			);
			path = Model;
			sourceTree = "<group>";
		};
		4A89C834281CADC80022FB97 /* Views */ = {
			isa = PBXGroup;
			children = (
				4A93ABDD2808AA1B00ACAB72 /* ContentView.swift */,
				4A76E1DF2821E67D004A74A9 /* GanttView.swift */,
				4A76E1DD2821E247004A74A9 /* ChooseGraphView.swift */,
				4A89C832281CAC910022FB97 /* AmpChartView.swift */,
				4A89C82E281CAC050022FB97 /* StateChartView.swift */,
				4A89C830281CAC6D0022FB97 /* ScanView.swift */,
				4A76E1C4282040FD004A74A9 /* StatusLightView.swift */,
				4A76E1CB28209672004A74A9 /* UtilizationChartView.swift */,
				4A76E1E12822D727004A74A9 /* DataTableView.swift */,
			);
			path = Views;
			sourceTree = "<group>";
		};
		4A93ABCF2808AA1B00ACAB72 = {
			isa = PBXGroup;
			children = (
				4A93ABDA2808AA1B00ACAB72 /* Follett Ice Machine */,
				4A93ABD92808AA1B00ACAB72 /* Products */,
			);
			sourceTree = "<group>";
		};
		4A93ABD92808AA1B00ACAB72 /* Products */ = {
			isa = PBXGroup;
			children = (
				4A93ABD82808AA1B00ACAB72 /* Follett Ice Machine.app */,
			);
			name = Products;
			sourceTree = "<group>";
		};
		4A93ABDA2808AA1B00ACAB72 /* Follett Ice Machine */ = {
			isa = PBXGroup;
			children = (
				4A89C82A281C73D70022FB97 /* Assets.xcassets */,
				4A89C823281AF9BD0022FB97 /* Follett-Ice-Machine-Info.plist */,
				4AEBEE9C2818C8F000E57E78 /* DateValueFormatter.swift */,
				4A76E1C62820441A004A74A9 /* IceMachineStatus.swift */,
				4A89C821281ADA930022FB97 /* BLEManager.swift */,
				4A76E1CA282095D9004A74A9 /* Model */,
				4A89C834281CADC80022FB97 /* Views */,
				4A93ABDB2808AA1B00ACAB72 /* Follett_Ice_MachineApp.swift */,
				4A93ABE12808AA1D00ACAB72 /* Preview Content */,
			);
			path = "Follett Ice Machine";
			sourceTree = "<group>";
		};
		4A93ABE12808AA1D00ACAB72 /* Preview Content */ = {
			isa = PBXGroup;
			children = (
				4A93ABE22808AA1D00ACAB72 /* Preview Assets.xcassets */,
			);
			path = "Preview Content";
			sourceTree = "<group>";
		};
/* End PBXGroup section */

/* Begin PBXNativeTarget section */
		4A93ABD72808AA1B00ACAB72 /* Follett Ice Machine */ = {
			isa = PBXNativeTarget;
			buildConfigurationList = 4A93ABE62808AA1D00ACAB72 /* Build configuration list for PBXNativeTarget "Follett Ice Machine" */;
			buildPhases = (
				4A93ABD42808AA1B00ACAB72 /* Sources */,
				4A93ABD52808AA1B00ACAB72 /* Frameworks */,
				4A93ABD62808AA1B00ACAB72 /* Resources */,
			);
			buildRules = (
			);
			dependencies = (
			);
			name = "Follett Ice Machine";
			packageProductDependencies = (
				4A76E1DA28218E66004A74A9 /* Charts */,
				4A76E1E42822D763004A74A9 /* Tabler */,
			);
			productName = "Follett Ice Machine";
			productReference = 4A93ABD82808AA1B00ACAB72 /* Follett Ice Machine.app */;
			productType = "com.apple.product-type.application";
		};
/* End PBXNativeTarget section */

/* Begin PBXProject section */
		4A93ABD02808AA1B00ACAB72 /* Project object */ = {
			isa = PBXProject;
			attributes = {
				BuildIndependentTargetsInParallel = 1;
				LastSwiftUpdateCheck = 1330;
				LastUpgradeCheck = 1330;
				TargetAttributes = {
					4A93ABD72808AA1B00ACAB72 = {
						CreatedOnToolsVersion = 13.3.1;
					};
				};
			};
			buildConfigurationList = 4A93ABD32808AA1B00ACAB72 /* Build configuration list for PBXProject "Follett Ice Machine" */;
			compatibilityVersion = "Xcode 13.0";
			developmentRegion = en;
			hasScannedForEncodings = 0;
			knownRegions = (
				en,
				Base,
			);
			mainGroup = 4A93ABCF2808AA1B00ACAB72;
			packageReferences = (
				4A76E1D928218E66004A74A9 /* XCRemoteSwiftPackageReference "Charts" */,
				4A76E1E32822D763004A74A9 /* XCRemoteSwiftPackageReference "SwiftTabler" */,
			);
			productRefGroup = 4A93ABD92808AA1B00ACAB72 /* Products */;
			projectDirPath = "";
			projectRoot = "";
			targets = (
				4A93ABD72808AA1B00ACAB72 /* Follett Ice Machine */,
			);
		};
/* End PBXProject section */

/* Begin PBXResourcesBuildPhase section */
		4A93ABD62808AA1B00ACAB72 /* Resources */ = {
			isa = PBXResourcesBuildPhase;
			buildActionMask = 2147483647;
			files = (
				4A93ABE32808AA1D00ACAB72 /* Preview Assets.xcassets in Resources */,
				4A89C82B281C73D70022FB97 /* Assets.xcassets in Resources */,
			);
			runOnlyForDeploymentPostprocessing = 0;
		};
/* End PBXResourcesBuildPhase section */

/* Begin PBXSourcesBuildPhase section */
		4A93ABD42808AA1B00ACAB72 /* Sources */ = {
			isa = PBXSourcesBuildPhase;
			buildActionMask = 2147483647;
			files = (
				4A76E1CE28215F68004A74A9 /* TestChart.swift in Sources */,
				4A89C829281C71E90022FB97 /* MultipleLineChart.swift in Sources */,
				4A76E1CC28209672004A74A9 /* UtilizationChartView.swift in Sources */,
				4A76E1E02821E67E004A74A9 /* GanttView.swift in Sources */,
				4A93ABDE2808AA1B00ACAB72 /* ContentView.swift in Sources */,
				4A89C833281CAC910022FB97 /* AmpChartView.swift in Sources */,
				4A76E1DE2821E248004A74A9 /* ChooseGraphView.swift in Sources */,
				4A76E1C9282095CB004A74A9 /* PieChart.swift in Sources */,
				4A89C82F281CAC050022FB97 /* StateChartView.swift in Sources */,
				4A89C822281ADA930022FB97 /* BLEManager.swift in Sources */,
				4A76E1E22822D728004A74A9 /* DataTableView.swift in Sources */,
				4A76E1C72820441A004A74A9 /* IceMachineStatus.swift in Sources */,
				4AEBEE9F2818C8F000E57E78 /* DateValueFormatter.swift in Sources */,
				4A76E1C5282040FD004A74A9 /* StatusLightView.swift in Sources */,
				4A93ABDC2808AA1B00ACAB72 /* Follett_Ice_MachineApp.swift in Sources */,
				4A89C831281CAC6D0022FB97 /* ScanView.swift in Sources */,
				4AEBEE9D2818C8F000E57E78 /* LineChart.swift in Sources */,
			);
			runOnlyForDeploymentPostprocessing = 0;
		};
/* End PBXSourcesBuildPhase section */

/* Begin XCBuildConfiguration section */
		4A93ABE42808AA1D00ACAB72 /* Debug */ = {
			isa = XCBuildConfiguration;
			buildSettings = {
				ALWAYS_SEARCH_USER_PATHS = NO;
				CLANG_ANALYZER_NONNULL = YES;
				CLANG_ANALYZER_NUMBER_OBJECT_CONVERSION = YES_AGGRESSIVE;
				CLANG_CXX_LANGUAGE_STANDARD = "gnu++17";
				CLANG_ENABLE_MODULES = YES;
				CLANG_ENABLE_OBJC_ARC = YES;
				CLANG_ENABLE_OBJC_WEAK = YES;
				CLANG_WARN_BLOCK_CAPTURE_AUTORELEASING = YES;
				CLANG_WARN_BOOL_CONVERSION = YES;
				CLANG_WARN_COMMA = YES;
				CLANG_WARN_CONSTANT_CONVERSION = YES;
				CLANG_WARN_DEPRECATED_OBJC_IMPLEMENTATIONS = YES;
				CLANG_WARN_DIRECT_OBJC_ISA_USAGE = YES_ERROR;
				CLANG_WARN_DOCUMENTATION_COMMENTS = YES;
				CLANG_WARN_EMPTY_BODY = YES;
				CLANG_WARN_ENUM_CONVERSION = YES;
				CLANG_WARN_INFINITE_RECURSION = YES;
				CLANG_WARN_INT_CONVERSION = YES;
				CLANG_WARN_NON_LITERAL_NULL_CONVERSION = YES;
				CLANG_WARN_OBJC_IMPLICIT_RETAIN_SELF = YES;
				CLANG_WARN_OBJC_LITERAL_CONVERSION = YES;
				CLANG_WARN_OBJC_ROOT_CLASS = YES_ERROR;
				CLANG_WARN_QUOTED_INCLUDE_IN_FRAMEWORK_HEADER = YES;
				CLANG_WARN_RANGE_LOOP_ANALYSIS = YES;
				CLANG_WARN_STRICT_PROTOTYPES = YES;
				CLANG_WARN_SUSPICIOUS_MOVE = YES;
				CLANG_WARN_UNGUARDED_AVAILABILITY = YES_AGGRESSIVE;
				CLANG_WARN_UNREACHABLE_CODE = YES;
				CLANG_WARN__DUPLICATE_METHOD_MATCH = YES;
				COPY_PHASE_STRIP = NO;
				DEBUG_INFORMATION_FORMAT = dwarf;
				ENABLE_STRICT_OBJC_MSGSEND = YES;
				ENABLE_TESTABILITY = YES;
				GCC_C_LANGUAGE_STANDARD = gnu11;
				GCC_DYNAMIC_NO_PIC = NO;
				GCC_NO_COMMON_BLOCKS = YES;
				GCC_OPTIMIZATION_LEVEL = 0;
				GCC_PREPROCESSOR_DEFINITIONS = (
					"DEBUG=1",
					"$(inherited)",
				);
				GCC_WARN_64_TO_32_BIT_CONVERSION = YES;
				GCC_WARN_ABOUT_RETURN_TYPE = YES_ERROR;
				GCC_WARN_UNDECLARED_SELECTOR = YES;
				GCC_WARN_UNINITIALIZED_AUTOS = YES_AGGRESSIVE;
				GCC_WARN_UNUSED_FUNCTION = YES;
				GCC_WARN_UNUSED_VARIABLE = YES;
				IPHONEOS_DEPLOYMENT_TARGET = 15.4;
				MTL_ENABLE_DEBUG_INFO = INCLUDE_SOURCE;
				MTL_FAST_MATH = YES;
				ONLY_ACTIVE_ARCH = YES;
				SDKROOT = iphoneos;
				SWIFT_ACTIVE_COMPILATION_CONDITIONS = DEBUG;
				SWIFT_OPTIMIZATION_LEVEL = "-Onone";
			};
			name = Debug;
		};
		4A93ABE52808AA1D00ACAB72 /* Release */ = {
			isa = XCBuildConfiguration;
			buildSettings = {
				ALWAYS_SEARCH_USER_PATHS = NO;
				CLANG_ANALYZER_NONNULL = YES;
				CLANG_ANALYZER_NUMBER_OBJECT_CONVERSION = YES_AGGRESSIVE;
				CLANG_CXX_LANGUAGE_STANDARD = "gnu++17";
				CLANG_ENABLE_MODULES = YES;
				CLANG_ENABLE_OBJC_ARC = YES;
				CLANG_ENABLE_OBJC_WEAK = YES;
				CLANG_WARN_BLOCK_CAPTURE_AUTORELEASING = YES;
				CLANG_WARN_BOOL_CONVERSION = YES;
				CLANG_WARN_COMMA = YES;
				CLANG_WARN_CONSTANT_CONVERSION = YES;
				CLANG_WARN_DEPRECATED_OBJC_IMPLEMENTATIONS = YES;
				CLANG_WARN_DIRECT_OBJC_ISA_USAGE = YES_ERROR;
				CLANG_WARN_DOCUMENTATION_COMMENTS = YES;
				CLANG_WARN_EMPTY_BODY = YES;
				CLANG_WARN_ENUM_CONVERSION = YES;
				CLANG_WARN_INFINITE_RECURSION = YES;
				CLANG_WARN_INT_CONVERSION = YES;
				CLANG_WARN_NON_LITERAL_NULL_CONVERSION = YES;
				CLANG_WARN_OBJC_IMPLICIT_RETAIN_SELF = YES;
				CLANG_WARN_OBJC_LITERAL_CONVERSION = YES;
				CLANG_WARN_OBJC_ROOT_CLASS = YES_ERROR;
				CLANG_WARN_QUOTED_INCLUDE_IN_FRAMEWORK_HEADER = YES;
				CLANG_WARN_RANGE_LOOP_ANALYSIS = YES;
				CLANG_WARN_STRICT_PROTOTYPES = YES;
				CLANG_WARN_SUSPICIOUS_MOVE = YES;
				CLANG_WARN_UNGUARDED_AVAILABILITY = YES_AGGRESSIVE;
				CLANG_WARN_UNREACHABLE_CODE = YES;
				CLANG_WARN__DUPLICATE_METHOD_MATCH = YES;
				COPY_PHASE_STRIP = NO;
				DEBUG_INFORMATION_FORMAT = "dwarf-with-dsym";
				ENABLE_NS_ASSERTIONS = NO;
				ENABLE_STRICT_OBJC_MSGSEND = YES;
				GCC_C_LANGUAGE_STANDARD = gnu11;
				GCC_NO_COMMON_BLOCKS = YES;
				GCC_WARN_64_TO_32_BIT_CONVERSION = YES;
				GCC_WARN_ABOUT_RETURN_TYPE = YES_ERROR;
				GCC_WARN_UNDECLARED_SELECTOR = YES;
				GCC_WARN_UNINITIALIZED_AUTOS = YES_AGGRESSIVE;
				GCC_WARN_UNUSED_FUNCTION = YES;
				GCC_WARN_UNUSED_VARIABLE = YES;
				"INFOPLIST_FILE[sdk=*]" = " <key>NSBluetoothAlwaysUsageDescription</key>\n    <string>This app uses Bluetooth to connect to the calculator peripheral.</string>\n    <key>NSBluetoothPeripheralUsageDescription</key>\n    <string>This app uses Bluetooth to connect to the calculator peripheral.</string>";
				IPHONEOS_DEPLOYMENT_TARGET = 15.4;
				MTL_ENABLE_DEBUG_INFO = NO;
				MTL_FAST_MATH = YES;
				SDKROOT = iphoneos;
				SWIFT_COMPILATION_MODE = wholemodule;
				SWIFT_OPTIMIZATION_LEVEL = "-O";
				VALIDATE_PRODUCT = YES;
			};
			name = Release;
		};
		4A93ABE72808AA1D00ACAB72 /* Debug */ = {
			isa = XCBuildConfiguration;
			buildSettings = {
				ASSETCATALOG_COMPILER_APPICON_NAME = AppIcon;
				ASSETCATALOG_COMPILER_GLOBAL_ACCENT_COLOR_NAME = AccentColor;
				CODE_SIGN_STYLE = Automatic;
				CURRENT_PROJECT_VERSION = 1;
				DEVELOPMENT_ASSET_PATHS = "\"Follett Ice Machine/Preview Content\"";
				DEVELOPMENT_TEAM = WZKTZ75KN2;
				ENABLE_PREVIEWS = YES;
				GENERATE_INFOPLIST_FILE = YES;
				INFOPLIST_FILE = "Follett-Ice-Machine-Info.plist";
				INFOPLIST_KEY_NSBluetoothAlwaysUsageDescription = "The will use the bluetooth to scan the ice machine";
				INFOPLIST_KEY_UIApplicationSceneManifest_Generation = YES;
				INFOPLIST_KEY_UIApplicationSupportsIndirectInputEvents = YES;
				INFOPLIST_KEY_UILaunchScreen_Generation = YES;
				INFOPLIST_KEY_UISupportedInterfaceOrientations_iPad = "UIInterfaceOrientationPortrait UIInterfaceOrientationPortraitUpsideDown UIInterfaceOrientationLandscapeLeft UIInterfaceOrientationLandscapeRight";
				INFOPLIST_KEY_UISupportedInterfaceOrientations_iPhone = "UIInterfaceOrientationPortrait UIInterfaceOrientationLandscapeLeft UIInterfaceOrientationLandscapeRight";
				LD_RUNPATH_SEARCH_PATHS = (
					"$(inherited)",
					"@executable_path/Frameworks",
				);
				MARKETING_VERSION = 1.0;
				PRODUCT_BUNDLE_IDENTIFIER = "com.Follett-Ice-Machine";
				PRODUCT_NAME = "$(TARGET_NAME)";
				SWIFT_EMIT_LOC_STRINGS = YES;
				SWIFT_VERSION = 5.0;
				TARGETED_DEVICE_FAMILY = "1,2";
			};
			name = Debug;
		};
		4A93ABE82808AA1D00ACAB72 /* Release */ = {
			isa = XCBuildConfiguration;
			buildSettings = {
				ASSETCATALOG_COMPILER_APPICON_NAME = AppIcon;
				ASSETCATALOG_COMPILER_GLOBAL_ACCENT_COLOR_NAME = AccentColor;
				CODE_SIGN_STYLE = Automatic;
				CURRENT_PROJECT_VERSION = 1;
				DEVELOPMENT_ASSET_PATHS = "\"Follett Ice Machine/Preview Content\"";
				DEVELOPMENT_TEAM = WZKTZ75KN2;
				ENABLE_PREVIEWS = YES;
				GENERATE_INFOPLIST_FILE = YES;
				INFOPLIST_FILE = "Follett-Ice-Machine-Info.plist";
				INFOPLIST_KEY_NSBluetoothAlwaysUsageDescription = "The will use the bluetooth to scan the ice machine";
				INFOPLIST_KEY_UIApplicationSceneManifest_Generation = YES;
				INFOPLIST_KEY_UIApplicationSupportsIndirectInputEvents = YES;
				INFOPLIST_KEY_UILaunchScreen_Generation = YES;
				INFOPLIST_KEY_UISupportedInterfaceOrientations_iPad = "UIInterfaceOrientationPortrait UIInterfaceOrientationPortraitUpsideDown UIInterfaceOrientationLandscapeLeft UIInterfaceOrientationLandscapeRight";
				INFOPLIST_KEY_UISupportedInterfaceOrientations_iPhone = "UIInterfaceOrientationPortrait UIInterfaceOrientationLandscapeLeft UIInterfaceOrientationLandscapeRight";
				LD_RUNPATH_SEARCH_PATHS = (
					"$(inherited)",
					"@executable_path/Frameworks",
				);
				MARKETING_VERSION = 1.0;
				PRODUCT_BUNDLE_IDENTIFIER = "com.Follett-Ice-Machine";
				PRODUCT_NAME = "$(TARGET_NAME)";
				SWIFT_EMIT_LOC_STRINGS = YES;
				SWIFT_VERSION = 5.0;
				TARGETED_DEVICE_FAMILY = "1,2";
			};
			name = Release;
		};
/* End XCBuildConfiguration section */

/* Begin XCConfigurationList section */
		4A93ABD32808AA1B00ACAB72 /* Build configuration list for PBXProject "Follett Ice Machine" */ = {
			isa = XCConfigurationList;
			buildConfigurations = (
				4A93ABE42808AA1D00ACAB72 /* Debug */,
				4A93ABE52808AA1D00ACAB72 /* Release */,
			);
			defaultConfigurationIsVisible = 0;
			defaultConfigurationName = Release;
		};
		4A93ABE62808AA1D00ACAB72 /* Build configuration list for PBXNativeTarget "Follett Ice Machine" */ = {
			isa = XCConfigurationList;
			buildConfigurations = (
				4A93ABE72808AA1D00ACAB72 /* Debug */,
				4A93ABE82808AA1D00ACAB72 /* Release */,
			);
			defaultConfigurationIsVisible = 0;
			defaultConfigurationName = Release;
		};
/* End XCConfigurationList section */

/* Begin XCRemoteSwiftPackageReference section */
		4A76E1D928218E66004A74A9 /* XCRemoteSwiftPackageReference "Charts" */ = {
			isa = XCRemoteSwiftPackageReference;
			repositoryURL = "https://github.com/danielgindi/Charts.git";
			requirement = {
				branch = master;
				kind = branch;
			};
		};
		4A76E1E32822D763004A74A9 /* XCRemoteSwiftPackageReference "SwiftTabler" */ = {
			isa = XCRemoteSwiftPackageReference;
			repositoryURL = "https://github.com/openalloc/SwiftTabler";
			requirement = {
				kind = upToNextMajorVersion;
				minimumVersion = 0.9.4;
			};
		};
/* End XCRemoteSwiftPackageReference section */

/* Begin XCSwiftPackageProductDependency section */
		4A76E1DA28218E66004A74A9 /* Charts */ = {
			isa = XCSwiftPackageProductDependency;
			package = 4A76E1D928218E66004A74A9 /* XCRemoteSwiftPackageReference "Charts" */;
			productName = Charts;
		};
		4A76E1E42822D763004A74A9 /* Tabler */ = {
			isa = XCSwiftPackageProductDependency;
			package = 4A76E1E32822D763004A74A9 /* XCRemoteSwiftPackageReference "SwiftTabler" */;
			productName = Tabler;
		};
/* End XCSwiftPackageProductDependency section */
	};
	rootObject = 4A93ABD02808AA1B00ACAB72 /* Project object */;
}
